
Microsoft Visual Studio Solution File, Format Version 12.00
# Visual Studio Version 16
VisualStudioVersion = 16.0.30717.126
MinimumVisualStudioVersion = 10.0.40219.1
Project("{9A19103F-16F7-4668-BE54-9A1E7A4F7556}") = "CogAPITesting", "CogAPITesting\CogAPITesting.csproj", "{D4F66E69-2A73-4350-A39F-7ABA87B1B1F7}"
EndProject
Project("{FAE04EC0-301F-11D3-BF4B-00C04F79EFBC}") = "MontageServer", "MontageServer\MontageServer.csproj", "{0B621F24-A395-457A-A7C9-2D3D0C8AEF27}"
EndProject
Global
	GlobalSection(SolutionConfigurationPlatforms) = preSolution
		Debug|Any CPU = Debug|Any CPU
		Debug|x64 = Debug|x64
		Release|Any CPU = Release|Any CPU
		Release|x64 = Release|x64
	EndGlobalSection
	GlobalSection(ProjectConfigurationPlatforms) = postSolution
		{D4F66E69-2A73-4350-A39F-7ABA87B1B1F7}.Debug|Any CPU.ActiveCfg = Debug|Any CPU
		{D4F66E69-2A73-4350-A39F-7ABA87B1B1F7}.Debug|Any CPU.Build.0 = Debug|Any CPU
		{D4F66E69-2A73-4350-A39F-7ABA87B1B1F7}.Debug|x64.ActiveCfg = Debug|x64
		{D4F66E69-2A73-4350-A39F-7ABA87B1B1F7}.Release|Any CPU.ActiveCfg = Release|Any CPU
		{D4F66E69-2A73-4350-A39F-7ABA87B1B1F7}.Release|Any CPU.Build.0 = Release|Any CPU
		{D4F66E69-2A73-4350-A39F-7ABA87B1B1F7}.Release|x64.ActiveCfg = Release|x64
		{0B621F24-A395-457A-A7C9-2D3D0C8AEF27}.Debug|Any CPU.ActiveCfg = Debug|x64
		{0B621F24-A395-457A-A7C9-2D3D0C8AEF27}.Debug|Any CPU.Build.0 = Debug|x64
		{0B621F24-A395-457A-A7C9-2D3D0C8AEF27}.Debug|x64.ActiveCfg = Debug|x64
		{0B621F24-A395-457A-A7C9-2D3D0C8AEF27}.Debug|x64.Build.0 = Debug|x64
		{0B621F24-A395-457A-A7C9-2D3D0C8AEF27}.Release|Any CPU.ActiveCfg = Release|Any CPU
		{0B621F24-A395-457A-A7C9-2D3D0C8AEF27}.Release|Any CPU.Build.0 = Release|Any CPU
		{0B621F24-A395-457A-A7C9-2D3D0C8AEF27}.Release|x64.ActiveCfg = Release|x64
		{0B621F24-A395-457A-A7C9-2D3D0C8AEF27}.Release|x64.Build.0 = Release|x64
	EndGlobalSection
	GlobalSection(SolutionProperties) = preSolution
		HideSolutionNode = FALSE
	EndGlobalSection
	GlobalSection(ExtensibilityGlobals) = postSolution
		SolutionGuid = {B9BFA075-06F8-422E-AD5C-38AC58F46825}
	EndGlobalSection
EndGlobal
