
Microsoft Visual Studio Solution File, Format Version 12.00
# Visual Studio Version 16
VisualStudioVersion = 16.0.30907.101
MinimumVisualStudioVersion = 10.0.40219.1
Project("{9A19103F-16F7-4668-BE54-9A1E7A4F7556}") = "MontageServer", "MontageServer\MontageServer.csproj", "{819BCCE8-8981-481C-B676-2C92923062B7}"
EndProject
Global
	GlobalSection(SolutionConfigurationPlatforms) = preSolution
		Debug|Any CPU = Debug|Any CPU
		Debug|x64 = Debug|x64
		Release|Any CPU = Release|Any CPU
		Release|x64 = Release|x64
	EndGlobalSection
	GlobalSection(ProjectConfigurationPlatforms) = postSolution
		{819BCCE8-8981-481C-B676-2C92923062B7}.Debug|Any CPU.ActiveCfg = Debug|Any CPU
		{819BCCE8-8981-481C-B676-2C92923062B7}.Debug|Any CPU.Build.0 = Debug|Any CPU
		{819BCCE8-8981-481C-B676-2C92923062B7}.Debug|x64.ActiveCfg = Debug|x64
		{819BCCE8-8981-481C-B676-2C92923062B7}.Debug|x64.Build.0 = Debug|x64
		{819BCCE8-8981-481C-B676-2C92923062B7}.Release|Any CPU.ActiveCfg = Release|Any CPU
		{819BCCE8-8981-481C-B676-2C92923062B7}.Release|Any CPU.Build.0 = Release|Any CPU
		{819BCCE8-8981-481C-B676-2C92923062B7}.Release|x64.ActiveCfg = Release|x64
		{819BCCE8-8981-481C-B676-2C92923062B7}.Release|x64.Build.0 = Release|x64
	EndGlobalSection
	GlobalSection(SolutionProperties) = preSolution
		HideSolutionNode = FALSE
	EndGlobalSection
	GlobalSection(ExtensibilityGlobals) = postSolution
		SolutionGuid = {65E55D17-9F89-47C9-A52E-91412C0B225B}
	EndGlobalSection
EndGlobal
